// !$*UTF8*$!
{
	archiveVersion = 1;
	classes = {
	};
	objectVersion = 46;
	objects = {

/* Begin PBXBuildFile section */
		360BD91516F12B03000D3BEB /* AppiumInspector.m in Sources */ = {isa = PBXBuildFile; fileRef = 360BD91416F12B03000D3BEB /* AppiumInspector.m */; };
		3612E5F816E5B6520050CF0A /* appium.sdef in Resources */ = {isa = PBXBuildFile; fileRef = 3612E5F716E5B6520050CF0A /* appium.sdef */; };
		3612E5FC16E5B69C0050CF0A /* AppiumAppleScriptSupport.m in Sources */ = {isa = PBXBuildFile; fileRef = 3612E5FB16E5B69C0050CF0A /* AppiumAppleScriptSupport.m */; };
		3618718D171887CC0021D7F7 /* AppiumCodeMakerSwipePopOverViewController.m in Sources */ = {isa = PBXBuildFile; fileRef = 3618718C171887CC0021D7F7 /* AppiumCodeMakerSwipePopOverViewController.m */; };
		362B5B651713B35A00F1B344 /* AppiumCodeMakerCSharpPlugin.m in Sources */ = {isa = PBXBuildFile; fileRef = 362B5B641713B35A00F1B344 /* AppiumCodeMakerCSharpPlugin.m */; };
		363782FC172ADA3A00A924F8 /* Selenium.framework in CopyFiles */ = {isa = PBXBuildFile; fileRef = 363782F7172AD9F300A924F8 /* Selenium.framework */; };
		364C076816E94B1A0093011E /* AppiumMenuBarManager.m in Sources */ = {isa = PBXBuildFile; fileRef = 364C076716E94B1A0093011E /* AppiumMenuBarManager.m */; };
		3652B34416E4287600BDE3E4 /* AppiumLaunchButtonTextTransformer.m in Sources */ = {isa = PBXBuildFile; fileRef = 3652B34316E4287600BDE3E4 /* AppiumLaunchButtonTextTransformer.m */; };
		365A2D7E16E3C847007BADF9 /* Utility.m in Sources */ = {isa = PBXBuildFile; fileRef = 365A2D7D16E3C847007BADF9 /* Utility.m */; };
		365A2D8416E3DF48007BADF9 /* ANSIUtility.m in Sources */ = {isa = PBXBuildFile; fileRef = 365A2D8316E3DF48007BADF9 /* ANSIUtility.m */; };
		365A2D8716E3E67B007BADF9 /* NodeInstance.m in Sources */ = {isa = PBXBuildFile; fileRef = 365A2D8616E3E67B007BADF9 /* NodeInstance.m */; };
		365CA3BF16EFB9C000A6DBE8 /* AppiumModel.m in Sources */ = {isa = PBXBuildFile; fileRef = 365CA3BE16EFB9C000A6DBE8 /* AppiumModel.m */; };
		365CA3C316EFDA8300A6DBE8 /* AppiumPortTransformer.m in Sources */ = {isa = PBXBuildFile; fileRef = 365CA3C216EFDA8300A6DBE8 /* AppiumPortTransformer.m */; };
		3661735617172AB200E786DF /* AppiumCodeMakerPythonPlugin.m in Sources */ = {isa = PBXBuildFile; fileRef = 3661735517172AB200E786DF /* AppiumCodeMakerPythonPlugin.m */; };
		368230DA1715C73F00FF113F /* AppiumCodeMaker.m in Sources */ = {isa = PBXBuildFile; fileRef = 368230D91715C73F00FF113F /* AppiumCodeMaker.m */; };
		368C3FF516E8F3EC00B84DE6 /* AppiumUpdater.m in Sources */ = {isa = PBXBuildFile; fileRef = 368C3FF416E8F3EC00B84DE6 /* AppiumUpdater.m */; };
		368DC8521737255A0030F656 /* AppiumCodeMakerActionExecuteScript.m in Sources */ = {isa = PBXBuildFile; fileRef = 368DC8511737255A0030F656 /* AppiumCodeMakerActionExecuteScript.m */; };
		369126DD1704DABD007FBB5E /* AppiumInspectorRefreshButtonTextTransformer.m in Sources */ = {isa = PBXBuildFile; fileRef = 369126DC1704DABD007FBB5E /* AppiumInspectorRefreshButtonTextTransformer.m */; };
		36919C8B171616AD00AC2C63 /* AppiumCodeMakerAction.m in Sources */ = {isa = PBXBuildFile; fileRef = 36919C8A171616AD00AC2C63 /* AppiumCodeMakerAction.m */; };
		3695CAB016E3FCAE003697A9 /* AppiumInstallationWindowController.m in Sources */ = {isa = PBXBuildFile; fileRef = 3695CAAE16E3FCAE003697A9 /* AppiumInstallationWindowController.m */; };
		3695CAB116E3FCAE003697A9 /* AppiumInstallationWindow.xib in Resources */ = {isa = PBXBuildFile; fileRef = 3695CAAF16E3FCAE003697A9 /* AppiumInstallationWindow.xib */; };
		3695E3C316FD08C800AD1544 /* QuartzCore.framework in Frameworks */ = {isa = PBXBuildFile; fileRef = 3695E3C216FD08C800AD1544 /* QuartzCore.framework */; };
		369ED811171DA81E000A7A4E /* MGSFragaria.framework in Frameworks */ = {isa = PBXBuildFile; fileRef = 369ED810171DA81E000A7A4E /* MGSFragaria.framework */; };
		369ED812171DA83F000A7A4E /* MGSFragaria.framework in CopyFiles */ = {isa = PBXBuildFile; fileRef = 369ED810171DA81E000A7A4E /* MGSFragaria.framework */; };
		36A765A216F01648002A7D6A /* AppiumPreferencesWindowController.m in Sources */ = {isa = PBXBuildFile; fileRef = 36A765A016F01648002A7D6A /* AppiumPreferencesWindowController.m */; };
		36A765A316F01648002A7D6A /* AppiumPreferencesWindow.xib in Resources */ = {isa = PBXBuildFile; fileRef = 36A765A116F01648002A7D6A /* AppiumPreferencesWindow.xib */; };
		36A765A616F01C7C002A7D6A /* appium.icns in Resources */ = {isa = PBXBuildFile; fileRef = 36A765A516F01C7C002A7D6A /* appium.icns */; };
		36A871C8170B980F005BFD15 /* AppiumInspectorScreenshotImageView.m in Sources */ = {isa = PBXBuildFile; fileRef = 36A871C7170B980F005BFD15 /* AppiumInspectorScreenshotImageView.m */; };
		36AA8D6F16E40B28007472C1 /* AppiumMonitorWindowController.m in Sources */ = {isa = PBXBuildFile; fileRef = 36AA8D6D16E40B28007472C1 /* AppiumMonitorWindowController.m */; };
		36AA8D7016E40B28007472C1 /* AppiumMonitorWindow.xib in Resources */ = {isa = PBXBuildFile; fileRef = 36AA8D6E16E40B28007472C1 /* AppiumMonitorWindow.xib */; };
		36ADA116172093D200D4287B /* AppiumCodeMakerPreciseTapPopoverViewController.m in Sources */ = {isa = PBXBuildFile; fileRef = 36ADA115172093D200D4287B /* AppiumCodeMakerPreciseTapPopoverViewController.m */; };
		36ADA119172098FA00D4287B /* AppiumCodeMakerActionPreciseTap.m in Sources */ = {isa = PBXBuildFile; fileRef = 36ADA118172098FA00D4287B /* AppiumCodeMakerActionPreciseTap.m */; };
		36B2F18616E6379C008764E0 /* defaults.plist in Resources */ = {isa = PBXBuildFile; fileRef = 36B2F18516E6379C008764E0 /* defaults.plist */; };
		36BA17BB16E81BF30041DD86 /* AppiumAppPathTransformer.m in Sources */ = {isa = PBXBuildFile; fileRef = 36BA17BA16E81BF30041DD86 /* AppiumAppPathTransformer.m */; };
		36BBC4CE1737334C006A83D7 /* AppiumCodeMakerObjectiveCPlugin.m in Sources */ = {isa = PBXBuildFile; fileRef = 36BBC4CD1737334C006A83D7 /* AppiumCodeMakerObjectiveCPlugin.m */; };
		36BF1D66171B434C00C2CF01 /* AppiumCodeMakerActionTap.m in Sources */ = {isa = PBXBuildFile; fileRef = 36BF1D65171B434C00C2CF01 /* AppiumCodeMakerActionTap.m */; };
		36BF1D69171B4C1000C2CF01 /* AppiumCodeMakerActionSendKeys.m in Sources */ = {isa = PBXBuildFile; fileRef = 36BF1D68171B4C1000C2CF01 /* AppiumCodeMakerActionSendKeys.m */; };
		36BF1D6C171B4ED400C2CF01 /* AppiumCodeMakerAlertDismiss.m in Sources */ = {isa = PBXBuildFile; fileRef = 36BF1D6B171B4ED400C2CF01 /* AppiumCodeMakerAlertDismiss.m */; };
		36BF1D6F171B4F5100C2CF01 /* AppiumCodeMakerActionAlertAccept.m in Sources */ = {isa = PBXBuildFile; fileRef = 36BF1D6E171B4F5000C2CF01 /* AppiumCodeMakerActionAlertAccept.m */; };
		36BF1D72171B4FE600C2CF01 /* AppiumCodeMakerActionSwipe.m in Sources */ = {isa = PBXBuildFile; fileRef = 36BF1D71171B4FE500C2CF01 /* AppiumCodeMakerActionSwipe.m */; };
		36BF1D75171B540100C2CF01 /* AppiumCodeMakerActionComment.m in Sources */ = {isa = PBXBuildFile; fileRef = 36BF1D74171B540000C2CF01 /* AppiumCodeMakerActionComment.m */; };
		36BF83771738787E00FF4234 /* AppiumCodeMakerActionShake.m in Sources */ = {isa = PBXBuildFile; fileRef = 36BF83761738787E00FF4234 /* AppiumCodeMakerActionShake.m */; };
		36C4BDFD171C9D4C004FD4FA /* AppiumCodeMakerPlugin.m in Sources */ = {isa = PBXBuildFile; fileRef = 36C4BDFC171C9D4C004FD4FA /* AppiumCodeMakerPlugin.m */; };
		36C9479C1719D0CB008DE83F /* AppiumRecorder.m in Sources */ = {isa = PBXBuildFile; fileRef = 36C9479B1719D0CB008DE83F /* AppiumRecorder.m */; };
		36CD44EE16F0D5C300194193 /* AppiumInspectorWindowController.m in Sources */ = {isa = PBXBuildFile; fileRef = 36CD44EC16F0D5C300194193 /* AppiumInspectorWindowController.m */; };
		36CD44EF16F0D5C300194193 /* AppiumInspectorWindow.xib in Resources */ = {isa = PBXBuildFile; fileRef = 36CD44ED16F0D5C300194193 /* AppiumInspectorWindow.xib */; };
		36CD44F616F0E22800194193 /* WebDriverElementNode.m in Sources */ = {isa = PBXBuildFile; fileRef = 36CD44F516F0E22800194193 /* WebDriverElementNode.m */; };
		36CEB7CC16E3662E00B5B100 /* Cocoa.framework in Frameworks */ = {isa = PBXBuildFile; fileRef = 36CEB7CB16E3662E00B5B100 /* Cocoa.framework */; };
		36CEB7D616E3662E00B5B100 /* InfoPlist.strings in Resources */ = {isa = PBXBuildFile; fileRef = 36CEB7D416E3662E00B5B100 /* InfoPlist.strings */; };
		36CEB7D816E3662E00B5B100 /* main.m in Sources */ = {isa = PBXBuildFile; fileRef = 36CEB7D716E3662E00B5B100 /* main.m */; };
		36CEB7DC16E3662E00B5B100 /* Credits.rtf in Resources */ = {isa = PBXBuildFile; fileRef = 36CEB7DA16E3662E00B5B100 /* Credits.rtf */; };
		36CEB7DF16E3662E00B5B100 /* AppiumAppDelegate.m in Sources */ = {isa = PBXBuildFile; fileRef = 36CEB7DE16E3662E00B5B100 /* AppiumAppDelegate.m */; };
		36CEB7E216E3662E00B5B100 /* MainMenu.xib in Resources */ = {isa = PBXBuildFile; fileRef = 36CEB7E016E3662E00B5B100 /* MainMenu.xib */; };
		36CEB7EA16E3662E00B5B100 /* SenTestingKit.framework in Frameworks */ = {isa = PBXBuildFile; fileRef = 36CEB7E916E3662E00B5B100 /* SenTestingKit.framework */; };
		36CEB7EB16E3662E00B5B100 /* Cocoa.framework in Frameworks */ = {isa = PBXBuildFile; fileRef = 36CEB7CB16E3662E00B5B100 /* Cocoa.framework */; };
		36CEB7F316E3662E00B5B100 /* InfoPlist.strings in Resources */ = {isa = PBXBuildFile; fileRef = 36CEB7F116E3662E00B5B100 /* InfoPlist.strings */; };
		36CEB7F616E3662E00B5B100 /* AppiumTests.m in Sources */ = {isa = PBXBuildFile; fileRef = 36CEB7F516E3662E00B5B100 /* AppiumTests.m */; };
		36D17E2916F144E600DC5797 /* Upgrade.applescript in Resources */ = {isa = PBXBuildFile; fileRef = 36D17E2816F144E600DC5797 /* Upgrade.applescript */; };
		36F5FA2C16F4E87F007751D6 /* Selenium.framework in Frameworks */ = {isa = PBXBuildFile; fileRef = 36F5FA2B16F4E87E007751D6 /* Selenium.framework */; };
		36FF07AD171743AC009ED9E2 /* AppiumCodeMakerLocator.m in Sources */ = {isa = PBXBuildFile; fileRef = 36FF07AC171743AC009ED9E2 /* AppiumCodeMakerLocator.m */; };
		36FF07B0171747C4009ED9E2 /* AppiumCodeMakerJavaPlugin.m in Sources */ = {isa = PBXBuildFile; fileRef = 36FF07AF171747C4009ED9E2 /* AppiumCodeMakerJavaPlugin.m */; };
		36FF07B317174936009ED9E2 /* AppiumCodeMakerRubyPlugin.m in Sources */ = {isa = PBXBuildFile; fileRef = 36FF07B217174935009ED9E2 /* AppiumCodeMakerRubyPlugin.m */; };
/* End PBXBuildFile section */

/* Begin PBXContainerItemProxy section */
		363782F6172AD9F300A924F8 /* PBXContainerItemProxy */ = {
			isa = PBXContainerItemProxy;
			containerPortal = 363782F1172AD9F200A924F8 /* Selenium.xcodeproj */;
			proxyType = 2;
			remoteGlobalIDString = 36BB380116F268C2003A46FD;
			remoteInfo = Selenium;
		};
		363782F8172AD9F300A924F8 /* PBXContainerItemProxy */ = {
			isa = PBXContainerItemProxy;
			containerPortal = 363782F1172AD9F200A924F8 /* Selenium.xcodeproj */;
			proxyType = 2;
			remoteGlobalIDString = 36BB381916F268C2003A46FD;
			remoteInfo = SeleniumTests;
		};
		363782FA172ADA1100A924F8 /* PBXContainerItemProxy */ = {
			isa = PBXContainerItemProxy;
			containerPortal = 363782F1172AD9F200A924F8 /* Selenium.xcodeproj */;
			proxyType = 1;
			remoteGlobalIDString = 36BB380016F268C2003A46FD;
			remoteInfo = Selenium;
		};
		36CEB7EC16E3662E00B5B100 /* PBXContainerItemProxy */ = {
			isa = PBXContainerItemProxy;
			containerPortal = 36CEB7C016E3662E00B5B100 /* Project object */;
			proxyType = 1;
			remoteGlobalIDString = 36CEB7C716E3662E00B5B100;
			remoteInfo = Appium;
		};
/* End PBXContainerItemProxy section */

/* Begin PBXCopyFilesBuildPhase section */
		3631DD9216F4E4830087779D /* CopyFiles */ = {
			isa = PBXCopyFilesBuildPhase;
			buildActionMask = 2147483647;
			dstPath = "";
			dstSubfolderSpec = 10;
			files = (
				363782FC172ADA3A00A924F8 /* Selenium.framework in CopyFiles */,
				369ED812171DA83F000A7A4E /* MGSFragaria.framework in CopyFiles */,
			);
			runOnlyForDeploymentPostprocessing = 0;
		};
/* End PBXCopyFilesBuildPhase section */

/* Begin PBXFileReference section */
		360BD91316F12B03000D3BEB /* AppiumInspector.h */ = {isa = PBXFileReference; fileEncoding = 4; lastKnownFileType = sourcecode.c.h; path = AppiumInspector.h; sourceTree = "<group>"; };
		360BD91416F12B03000D3BEB /* AppiumInspector.m */ = {isa = PBXFileReference; fileEncoding = 4; lastKnownFileType = sourcecode.c.objc; path = AppiumInspector.m; sourceTree = "<group>"; };
		3612E5F716E5B6520050CF0A /* appium.sdef */ = {isa = PBXFileReference; fileEncoding = 4; lastKnownFileType = text.xml; path = appium.sdef; sourceTree = "<group>"; };
		3612E5FA16E5B69C0050CF0A /* AppiumAppleScriptSupport.h */ = {isa = PBXFileReference; fileEncoding = 4; lastKnownFileType = sourcecode.c.h; path = AppiumAppleScriptSupport.h; sourceTree = "<group>"; };
		3612E5FB16E5B69C0050CF0A /* AppiumAppleScriptSupport.m */ = {isa = PBXFileReference; fileEncoding = 4; lastKnownFileType = sourcecode.c.objc; path = AppiumAppleScriptSupport.m; sourceTree = "<group>"; };
		36187189171871EB0021D7F7 /* AppiumPreferencesFile.h */ = {isa = PBXFileReference; lastKnownFileType = sourcecode.c.h; path = AppiumPreferencesFile.h; sourceTree = "<group>"; };
		3618718B171887CC0021D7F7 /* AppiumCodeMakerSwipePopOverViewController.h */ = {isa = PBXFileReference; fileEncoding = 4; lastKnownFileType = sourcecode.c.h; name = AppiumCodeMakerSwipePopOverViewController.h; path = PopOvers/AppiumCodeMakerSwipePopOverViewController.h; sourceTree = "<group>"; };
		3618718C171887CC0021D7F7 /* AppiumCodeMakerSwipePopOverViewController.m */ = {isa = PBXFileReference; fileEncoding = 4; lastKnownFileType = sourcecode.c.objc; name = AppiumCodeMakerSwipePopOverViewController.m; path = PopOvers/AppiumCodeMakerSwipePopOverViewController.m; sourceTree = "<group>"; };
		362B5B631713B35A00F1B344 /* AppiumCodeMakerCSharpPlugin.h */ = {isa = PBXFileReference; fileEncoding = 4; lastKnownFileType = sourcecode.c.h; name = AppiumCodeMakerCSharpPlugin.h; path = Plugins/AppiumCodeMakerCSharpPlugin.h; sourceTree = "<group>"; };
		362B5B641713B35A00F1B344 /* AppiumCodeMakerCSharpPlugin.m */ = {isa = PBXFileReference; fileEncoding = 4; lastKnownFileType = sourcecode.c.objc; name = AppiumCodeMakerCSharpPlugin.m; path = Plugins/AppiumCodeMakerCSharpPlugin.m; sourceTree = "<group>"; };
		362DF1E4170F4350001CAD1D /* AppiumGlobals.h */ = {isa = PBXFileReference; lastKnownFileType = sourcecode.c.h; path = AppiumGlobals.h; sourceTree = "<group>"; };
		363236791713B2470088FFBC /* AppiumCodeMakerPlugin.h */ = {isa = PBXFileReference; fileEncoding = 4; lastKnownFileType = sourcecode.c.h; name = AppiumCodeMakerPlugin.h; path = Plugins/AppiumCodeMakerPlugin.h; sourceTree = "<group>"; };
		363782F1172AD9F200A924F8 /* Selenium.xcodeproj */ = {isa = PBXFileReference; lastKnownFileType = "wrapper.pb-project"; name = Selenium.xcodeproj; path = "../../../selenium-objective-c/Selenium/Selenium.xcodeproj"; sourceTree = "<group>"; };
		364C076616E94B1A0093011E /* AppiumMenuBarManager.h */ = {isa = PBXFileReference; fileEncoding = 4; lastKnownFileType = sourcecode.c.h; path = AppiumMenuBarManager.h; sourceTree = "<group>"; };
		364C076716E94B1A0093011E /* AppiumMenuBarManager.m */ = {isa = PBXFileReference; fileEncoding = 4; lastKnownFileType = sourcecode.c.objc; path = AppiumMenuBarManager.m; sourceTree = "<group>"; };
		3652B34216E4287600BDE3E4 /* AppiumLaunchButtonTextTransformer.h */ = {isa = PBXFileReference; fileEncoding = 4; lastKnownFileType = sourcecode.c.h; path = AppiumLaunchButtonTextTransformer.h; sourceTree = "<group>"; };
		3652B34316E4287600BDE3E4 /* AppiumLaunchButtonTextTransformer.m */ = {isa = PBXFileReference; fileEncoding = 4; lastKnownFileType = sourcecode.c.objc; path = AppiumLaunchButtonTextTransformer.m; sourceTree = "<group>"; };
		365A2D7C16E3C847007BADF9 /* Utility.h */ = {isa = PBXFileReference; fileEncoding = 4; lastKnownFileType = sourcecode.c.h; name = Utility.h; path = Utility/Utility.h; sourceTree = "<group>"; };
		365A2D7D16E3C847007BADF9 /* Utility.m */ = {isa = PBXFileReference; fileEncoding = 4; lastKnownFileType = sourcecode.c.objc; name = Utility.m; path = Utility/Utility.m; sourceTree = "<group>"; };
		365A2D8216E3DF48007BADF9 /* ANSIUtility.h */ = {isa = PBXFileReference; fileEncoding = 4; lastKnownFileType = sourcecode.c.h; name = ANSIUtility.h; path = Utility/ANSIUtility.h; sourceTree = "<group>"; };
		365A2D8316E3DF48007BADF9 /* ANSIUtility.m */ = {isa = PBXFileReference; fileEncoding = 4; lastKnownFileType = sourcecode.c.objc; name = ANSIUtility.m; path = Utility/ANSIUtility.m; sourceTree = "<group>"; };
		365A2D8516E3E67B007BADF9 /* NodeInstance.h */ = {isa = PBXFileReference; fileEncoding = 4; lastKnownFileType = sourcecode.c.h; name = NodeInstance.h; path = Utility/NodeInstance.h; sourceTree = "<group>"; };
		365A2D8616E3E67B007BADF9 /* NodeInstance.m */ = {isa = PBXFileReference; fileEncoding = 4; lastKnownFileType = sourcecode.c.objc; name = NodeInstance.m; path = Utility/NodeInstance.m; sourceTree = "<group>"; };
		365CA3BD16EFB9C000A6DBE8 /* AppiumModel.h */ = {isa = PBXFileReference; fileEncoding = 4; lastKnownFileType = sourcecode.c.h; path = AppiumModel.h; sourceTree = "<group>"; };
		365CA3BE16EFB9C000A6DBE8 /* AppiumModel.m */ = {isa = PBXFileReference; fileEncoding = 4; lastKnownFileType = sourcecode.c.objc; path = AppiumModel.m; sourceTree = "<group>"; };
		365CA3C116EFDA8300A6DBE8 /* AppiumPortTransformer.h */ = {isa = PBXFileReference; fileEncoding = 4; lastKnownFileType = sourcecode.c.h; path = AppiumPortTransformer.h; sourceTree = "<group>"; };
		365CA3C216EFDA8300A6DBE8 /* AppiumPortTransformer.m */ = {isa = PBXFileReference; fileEncoding = 4; lastKnownFileType = sourcecode.c.objc; path = AppiumPortTransformer.m; sourceTree = "<group>"; };
		3661735417172AB200E786DF /* AppiumCodeMakerPythonPlugin.h */ = {isa = PBXFileReference; fileEncoding = 4; lastKnownFileType = sourcecode.c.h; name = AppiumCodeMakerPythonPlugin.h; path = Plugins/AppiumCodeMakerPythonPlugin.h; sourceTree = "<group>"; };
		3661735517172AB200E786DF /* AppiumCodeMakerPythonPlugin.m */ = {isa = PBXFileReference; fileEncoding = 4; lastKnownFileType = sourcecode.c.objc; name = AppiumCodeMakerPythonPlugin.m; path = Plugins/AppiumCodeMakerPythonPlugin.m; sourceTree = "<group>"; };
		368230D81715C73F00FF113F /* AppiumCodeMaker.h */ = {isa = PBXFileReference; fileEncoding = 4; lastKnownFileType = sourcecode.c.h; path = AppiumCodeMaker.h; sourceTree = "<group>"; };
		368230D91715C73F00FF113F /* AppiumCodeMaker.m */ = {isa = PBXFileReference; fileEncoding = 4; lastKnownFileType = sourcecode.c.objc; path = AppiumCodeMaker.m; sourceTree = "<group>"; };
		368C3FF316E8F3EC00B84DE6 /* AppiumUpdater.h */ = {isa = PBXFileReference; fileEncoding = 4; lastKnownFileType = sourcecode.c.h; path = AppiumUpdater.h; sourceTree = "<group>"; };
		368C3FF416E8F3EC00B84DE6 /* AppiumUpdater.m */ = {isa = PBXFileReference; fileEncoding = 4; lastKnownFileType = sourcecode.c.objc; path = AppiumUpdater.m; sourceTree = "<group>"; };
		368DC850173725590030F656 /* AppiumCodeMakerActionExecuteScript.h */ = {isa = PBXFileReference; fileEncoding = 4; lastKnownFileType = sourcecode.c.h; path = AppiumCodeMakerActionExecuteScript.h; sourceTree = "<group>"; };
		368DC8511737255A0030F656 /* AppiumCodeMakerActionExecuteScript.m */ = {isa = PBXFileReference; fileEncoding = 4; lastKnownFileType = sourcecode.c.objc; path = AppiumCodeMakerActionExecuteScript.m; sourceTree = "<group>"; };
		369126DB1704DABD007FBB5E /* AppiumInspectorRefreshButtonTextTransformer.h */ = {isa = PBXFileReference; fileEncoding = 4; lastKnownFileType = sourcecode.c.h; path = AppiumInspectorRefreshButtonTextTransformer.h; sourceTree = "<group>"; };
		369126DC1704DABD007FBB5E /* AppiumInspectorRefreshButtonTextTransformer.m */ = {isa = PBXFileReference; fileEncoding = 4; lastKnownFileType = sourcecode.c.objc; path = AppiumInspectorRefreshButtonTextTransformer.m; sourceTree = "<group>"; };
		36919C89171616AD00AC2C63 /* AppiumCodeMakerAction.h */ = {isa = PBXFileReference; fileEncoding = 4; lastKnownFileType = sourcecode.c.h; path = AppiumCodeMakerAction.h; sourceTree = "<group>"; };
		36919C8A171616AD00AC2C63 /* AppiumCodeMakerAction.m */ = {isa = PBXFileReference; fileEncoding = 4; lastKnownFileType = sourcecode.c.objc; path = AppiumCodeMakerAction.m; sourceTree = "<group>"; };
		3695CAAD16E3FCAE003697A9 /* AppiumInstallationWindowController.h */ = {isa = PBXFileReference; fileEncoding = 4; lastKnownFileType = sourcecode.c.h; path = AppiumInstallationWindowController.h; sourceTree = "<group>"; };
		3695CAAE16E3FCAE003697A9 /* AppiumInstallationWindowController.m */ = {isa = PBXFileReference; fileEncoding = 4; lastKnownFileType = sourcecode.c.objc; path = AppiumInstallationWindowController.m; sourceTree = "<group>"; };
		3695CAAF16E3FCAE003697A9 /* AppiumInstallationWindow.xib */ = {isa = PBXFileReference; fileEncoding = 4; lastKnownFileType = file.xib; name = AppiumInstallationWindow.xib; path = XIBs/AppiumInstallationWindow.xib; sourceTree = "<group>"; };
		3695E3C216FD08C800AD1544 /* QuartzCore.framework */ = {isa = PBXFileReference; lastKnownFileType = wrapper.framework; name = QuartzCore.framework; path = System/Library/Frameworks/QuartzCore.framework; sourceTree = SDKROOT; };
		369ED810171DA81E000A7A4E /* MGSFragaria.framework */ = {isa = PBXFileReference; lastKnownFileType = wrapper.framework; name = MGSFragaria.framework; path = Frameworks/MGSFragaria.framework; sourceTree = "<group>"; };
		36A7659F16F01648002A7D6A /* AppiumPreferencesWindowController.h */ = {isa = PBXFileReference; fileEncoding = 4; lastKnownFileType = sourcecode.c.h; path = AppiumPreferencesWindowController.h; sourceTree = "<group>"; };
		36A765A016F01648002A7D6A /* AppiumPreferencesWindowController.m */ = {isa = PBXFileReference; fileEncoding = 4; lastKnownFileType = sourcecode.c.objc; path = AppiumPreferencesWindowController.m; sourceTree = "<group>"; };
		36A765A116F01648002A7D6A /* AppiumPreferencesWindow.xib */ = {isa = PBXFileReference; fileEncoding = 4; lastKnownFileType = file.xib; name = AppiumPreferencesWindow.xib; path = XIBs/AppiumPreferencesWindow.xib; sourceTree = "<group>"; };
		36A765A516F01C7C002A7D6A /* appium.icns */ = {isa = PBXFileReference; lastKnownFileType = image.icns; path = appium.icns; sourceTree = "<group>"; };
		36A871C6170B980F005BFD15 /* AppiumInspectorScreenshotImageView.h */ = {isa = PBXFileReference; fileEncoding = 4; lastKnownFileType = sourcecode.c.h; path = AppiumInspectorScreenshotImageView.h; sourceTree = "<group>"; };
		36A871C7170B980F005BFD15 /* AppiumInspectorScreenshotImageView.m */ = {isa = PBXFileReference; fileEncoding = 4; lastKnownFileType = sourcecode.c.objc; path = AppiumInspectorScreenshotImageView.m; sourceTree = "<group>"; };
		36AA8D6C16E40B28007472C1 /* AppiumMonitorWindowController.h */ = {isa = PBXFileReference; fileEncoding = 4; lastKnownFileType = sourcecode.c.h; path = AppiumMonitorWindowController.h; sourceTree = "<group>"; };
		36AA8D6D16E40B28007472C1 /* AppiumMonitorWindowController.m */ = {isa = PBXFileReference; fileEncoding = 4; lastKnownFileType = sourcecode.c.objc; path = AppiumMonitorWindowController.m; sourceTree = "<group>"; };
		36AA8D6E16E40B28007472C1 /* AppiumMonitorWindow.xib */ = {isa = PBXFileReference; fileEncoding = 4; lastKnownFileType = file.xib; name = AppiumMonitorWindow.xib; path = XIBs/AppiumMonitorWindow.xib; sourceTree = "<group>"; };
		36ADA114172093D200D4287B /* AppiumCodeMakerPreciseTapPopoverViewController.h */ = {isa = PBXFileReference; fileEncoding = 4; lastKnownFileType = sourcecode.c.h; name = AppiumCodeMakerPreciseTapPopoverViewController.h; path = PopOvers/AppiumCodeMakerPreciseTapPopoverViewController.h; sourceTree = "<group>"; };
		36ADA115172093D200D4287B /* AppiumCodeMakerPreciseTapPopoverViewController.m */ = {isa = PBXFileReference; fileEncoding = 4; lastKnownFileType = sourcecode.c.objc; name = AppiumCodeMakerPreciseTapPopoverViewController.m; path = PopOvers/AppiumCodeMakerPreciseTapPopoverViewController.m; sourceTree = "<group>"; };
		36ADA117172098FA00D4287B /* AppiumCodeMakerActionPreciseTap.h */ = {isa = PBXFileReference; fileEncoding = 4; lastKnownFileType = sourcecode.c.h; path = AppiumCodeMakerActionPreciseTap.h; sourceTree = "<group>"; };
		36ADA118172098FA00D4287B /* AppiumCodeMakerActionPreciseTap.m */ = {isa = PBXFileReference; fileEncoding = 4; lastKnownFileType = sourcecode.c.objc; path = AppiumCodeMakerActionPreciseTap.m; sourceTree = "<group>"; };
		36B2F18516E6379C008764E0 /* defaults.plist */ = {isa = PBXFileReference; fileEncoding = 4; lastKnownFileType = text.plist.xml; path = defaults.plist; sourceTree = "<group>"; };
		36BA17B916E81BF30041DD86 /* AppiumAppPathTransformer.h */ = {isa = PBXFileReference; fileEncoding = 4; lastKnownFileType = sourcecode.c.h; path = AppiumAppPathTransformer.h; sourceTree = "<group>"; };
		36BA17BA16E81BF30041DD86 /* AppiumAppPathTransformer.m */ = {isa = PBXFileReference; fileEncoding = 4; lastKnownFileType = sourcecode.c.objc; path = AppiumAppPathTransformer.m; sourceTree = "<group>"; };
		36BBC4CC1737334C006A83D7 /* AppiumCodeMakerObjectiveCPlugin.h */ = {isa = PBXFileReference; fileEncoding = 4; lastKnownFileType = sourcecode.c.h; name = AppiumCodeMakerObjectiveCPlugin.h; path = Plugins/AppiumCodeMakerObjectiveCPlugin.h; sourceTree = "<group>"; };
		36BBC4CD1737334C006A83D7 /* AppiumCodeMakerObjectiveCPlugin.m */ = {isa = PBXFileReference; fileEncoding = 4; lastKnownFileType = sourcecode.c.objc; name = AppiumCodeMakerObjectiveCPlugin.m; path = Plugins/AppiumCodeMakerObjectiveCPlugin.m; sourceTree = "<group>"; };
		36BF1D64171B434C00C2CF01 /* AppiumCodeMakerActionTap.h */ = {isa = PBXFileReference; fileEncoding = 4; lastKnownFileType = sourcecode.c.h; path = AppiumCodeMakerActionTap.h; sourceTree = "<group>"; };
		36BF1D65171B434C00C2CF01 /* AppiumCodeMakerActionTap.m */ = {isa = PBXFileReference; fileEncoding = 4; lastKnownFileType = sourcecode.c.objc; path = AppiumCodeMakerActionTap.m; sourceTree = "<group>"; };
		36BF1D67171B4C1000C2CF01 /* AppiumCodeMakerActionSendKeys.h */ = {isa = PBXFileReference; fileEncoding = 4; lastKnownFileType = sourcecode.c.h; path = AppiumCodeMakerActionSendKeys.h; sourceTree = "<group>"; };
		36BF1D68171B4C1000C2CF01 /* AppiumCodeMakerActionSendKeys.m */ = {isa = PBXFileReference; fileEncoding = 4; lastKnownFileType = sourcecode.c.objc; path = AppiumCodeMakerActionSendKeys.m; sourceTree = "<group>"; };
		36BF1D6A171B4ED400C2CF01 /* AppiumCodeMakerActionAlertDismiss.h */ = {isa = PBXFileReference; fileEncoding = 4; lastKnownFileType = sourcecode.c.h; path = AppiumCodeMakerActionAlertDismiss.h; sourceTree = "<group>"; };
		36BF1D6B171B4ED400C2CF01 /* AppiumCodeMakerAlertDismiss.m */ = {isa = PBXFileReference; fileEncoding = 4; lastKnownFileType = sourcecode.c.objc; path = AppiumCodeMakerAlertDismiss.m; sourceTree = "<group>"; };
		36BF1D6D171B4F5000C2CF01 /* AppiumCodeMakerActionAlertAccept.h */ = {isa = PBXFileReference; fileEncoding = 4; lastKnownFileType = sourcecode.c.h; path = AppiumCodeMakerActionAlertAccept.h; sourceTree = "<group>"; };
		36BF1D6E171B4F5000C2CF01 /* AppiumCodeMakerActionAlertAccept.m */ = {isa = PBXFileReference; fileEncoding = 4; lastKnownFileType = sourcecode.c.objc; path = AppiumCodeMakerActionAlertAccept.m; sourceTree = "<group>"; };
		36BF1D70171B4FE500C2CF01 /* AppiumCodeMakerActionSwipe.h */ = {isa = PBXFileReference; fileEncoding = 4; lastKnownFileType = sourcecode.c.h; path = AppiumCodeMakerActionSwipe.h; sourceTree = "<group>"; };
		36BF1D71171B4FE500C2CF01 /* AppiumCodeMakerActionSwipe.m */ = {isa = PBXFileReference; fileEncoding = 4; lastKnownFileType = sourcecode.c.objc; path = AppiumCodeMakerActionSwipe.m; sourceTree = "<group>"; };
		36BF1D73171B540000C2CF01 /* AppiumCodeMakerActionComment.h */ = {isa = PBXFileReference; fileEncoding = 4; lastKnownFileType = sourcecode.c.h; path = AppiumCodeMakerActionComment.h; sourceTree = "<group>"; };
		36BF1D74171B540000C2CF01 /* AppiumCodeMakerActionComment.m */ = {isa = PBXFileReference; fileEncoding = 4; lastKnownFileType = sourcecode.c.objc; path = AppiumCodeMakerActionComment.m; sourceTree = "<group>"; };
		36BF1D76171B55DE00C2CF01 /* AppiumCodeMakerActions.h */ = {isa = PBXFileReference; lastKnownFileType = sourcecode.c.h; path = AppiumCodeMakerActions.h; sourceTree = "<group>"; };
		36BF83751738787E00FF4234 /* AppiumCodeMakerActionShake.h */ = {isa = PBXFileReference; fileEncoding = 4; lastKnownFileType = sourcecode.c.h; path = AppiumCodeMakerActionShake.h; sourceTree = "<group>"; };
		36BF83761738787E00FF4234 /* AppiumCodeMakerActionShake.m */ = {isa = PBXFileReference; fileEncoding = 4; lastKnownFileType = sourcecode.c.objc; path = AppiumCodeMakerActionShake.m; sourceTree = "<group>"; };
		36C4BDFC171C9D4C004FD4FA /* AppiumCodeMakerPlugin.m */ = {isa = PBXFileReference; fileEncoding = 4; lastKnownFileType = sourcecode.c.objc; name = AppiumCodeMakerPlugin.m; path = Plugins/AppiumCodeMakerPlugin.m; sourceTree = "<group>"; };
		36C4BDFE171CA5F4004FD4FA /* AppiumCodeMakerPlugins.h */ = {isa = PBXFileReference; lastKnownFileType = sourcecode.c.h; name = AppiumCodeMakerPlugins.h; path = Plugins/AppiumCodeMakerPlugins.h; sourceTree = "<group>"; };
		36C9479A1719D0CB008DE83F /* AppiumRecorder.h */ = {isa = PBXFileReference; fileEncoding = 4; lastKnownFileType = sourcecode.c.h; path = AppiumRecorder.h; sourceTree = "<group>"; };
		36C9479B1719D0CB008DE83F /* AppiumRecorder.m */ = {isa = PBXFileReference; fileEncoding = 4; lastKnownFileType = sourcecode.c.objc; path = AppiumRecorder.m; sourceTree = "<group>"; };
		36CD44EB16F0D5C300194193 /* AppiumInspectorWindowController.h */ = {isa = PBXFileReference; fileEncoding = 4; lastKnownFileType = sourcecode.c.h; path = AppiumInspectorWindowController.h; sourceTree = "<group>"; };
		36CD44EC16F0D5C300194193 /* AppiumInspectorWindowController.m */ = {isa = PBXFileReference; fileEncoding = 4; lastKnownFileType = sourcecode.c.objc; path = AppiumInspectorWindowController.m; sourceTree = "<group>"; };
		36CD44ED16F0D5C300194193 /* AppiumInspectorWindow.xib */ = {isa = PBXFileReference; fileEncoding = 4; lastKnownFileType = file.xib; name = AppiumInspectorWindow.xib; path = XIBs/AppiumInspectorWindow.xib; sourceTree = "<group>"; };
		36CD44F416F0E22800194193 /* WebDriverElementNode.h */ = {isa = PBXFileReference; fileEncoding = 4; lastKnownFileType = sourcecode.c.h; path = WebDriverElementNode.h; sourceTree = "<group>"; };
		36CD44F516F0E22800194193 /* WebDriverElementNode.m */ = {isa = PBXFileReference; fileEncoding = 4; lastKnownFileType = sourcecode.c.objc; path = WebDriverElementNode.m; sourceTree = "<group>"; };
		36CEB7C816E3662E00B5B100 /* Appium.app */ = {isa = PBXFileReference; explicitFileType = wrapper.application; includeInIndex = 0; path = Appium.app; sourceTree = BUILT_PRODUCTS_DIR; };
		36CEB7CB16E3662E00B5B100 /* Cocoa.framework */ = {isa = PBXFileReference; lastKnownFileType = wrapper.framework; name = Cocoa.framework; path = System/Library/Frameworks/Cocoa.framework; sourceTree = SDKROOT; };
		36CEB7CE16E3662E00B5B100 /* AppKit.framework */ = {isa = PBXFileReference; lastKnownFileType = wrapper.framework; name = AppKit.framework; path = System/Library/Frameworks/AppKit.framework; sourceTree = SDKROOT; };
		36CEB7CF16E3662E00B5B100 /* CoreData.framework */ = {isa = PBXFileReference; lastKnownFileType = wrapper.framework; name = CoreData.framework; path = System/Library/Frameworks/CoreData.framework; sourceTree = SDKROOT; };
		36CEB7D016E3662E00B5B100 /* Foundation.framework */ = {isa = PBXFileReference; lastKnownFileType = wrapper.framework; name = Foundation.framework; path = System/Library/Frameworks/Foundation.framework; sourceTree = SDKROOT; };
		36CEB7D316E3662E00B5B100 /* Appium-Info.plist */ = {isa = PBXFileReference; lastKnownFileType = text.plist.xml; name = "Appium-Info.plist"; path = "../Appium-Info.plist"; sourceTree = "<group>"; };
		36CEB7D516E3662E00B5B100 /* en */ = {isa = PBXFileReference; lastKnownFileType = text.plist.strings; name = en; path = en.lproj/InfoPlist.strings; sourceTree = "<group>"; };
		36CEB7D716E3662E00B5B100 /* main.m */ = {isa = PBXFileReference; lastKnownFileType = sourcecode.c.objc; path = main.m; sourceTree = "<group>"; };
		36CEB7D916E3662E00B5B100 /* Appium-Prefix.pch */ = {isa = PBXFileReference; lastKnownFileType = sourcecode.c.h; name = "Appium-Prefix.pch"; path = "../Appium-Prefix.pch"; sourceTree = "<group>"; };
		36CEB7DB16E3662E00B5B100 /* en */ = {isa = PBXFileReference; lastKnownFileType = text.rtf; name = en; path = en.lproj/Credits.rtf; sourceTree = "<group>"; };
		36CEB7DD16E3662E00B5B100 /* AppiumAppDelegate.h */ = {isa = PBXFileReference; lastKnownFileType = sourcecode.c.h; path = AppiumAppDelegate.h; sourceTree = "<group>"; };
		36CEB7DE16E3662E00B5B100 /* AppiumAppDelegate.m */ = {isa = PBXFileReference; lastKnownFileType = sourcecode.c.objc; path = AppiumAppDelegate.m; sourceTree = "<group>"; };
		36CEB7E116E3662E00B5B100 /* en */ = {isa = PBXFileReference; lastKnownFileType = file.xib; name = en; path = en.lproj/MainMenu.xib; sourceTree = "<group>"; };
		36CEB7E816E3662E00B5B100 /* AppiumTests.octest */ = {isa = PBXFileReference; explicitFileType = wrapper.cfbundle; includeInIndex = 0; path = AppiumTests.octest; sourceTree = BUILT_PRODUCTS_DIR; };
		36CEB7E916E3662E00B5B100 /* SenTestingKit.framework */ = {isa = PBXFileReference; lastKnownFileType = wrapper.framework; name = SenTestingKit.framework; path = Library/Frameworks/SenTestingKit.framework; sourceTree = DEVELOPER_DIR; };
		36CEB7F016E3662E00B5B100 /* AppiumTests-Info.plist */ = {isa = PBXFileReference; lastKnownFileType = text.plist.xml; path = "AppiumTests-Info.plist"; sourceTree = "<group>"; };
		36CEB7F216E3662E00B5B100 /* en */ = {isa = PBXFileReference; lastKnownFileType = text.plist.strings; name = en; path = en.lproj/InfoPlist.strings; sourceTree = "<group>"; };
		36CEB7F416E3662E00B5B100 /* AppiumTests.h */ = {isa = PBXFileReference; lastKnownFileType = sourcecode.c.h; path = AppiumTests.h; sourceTree = "<group>"; };
		36CEB7F516E3662E00B5B100 /* AppiumTests.m */ = {isa = PBXFileReference; lastKnownFileType = sourcecode.c.objc; path = AppiumTests.m; sourceTree = "<group>"; };
		36D17E2816F144E600DC5797 /* Upgrade.applescript */ = {isa = PBXFileReference; fileEncoding = 4; lastKnownFileType = sourcecode.applescript; path = Upgrade.applescript; sourceTree = "<group>"; };
		36F5FA2B16F4E87E007751D6 /* Selenium.framework */ = {isa = PBXFileReference; lastKnownFileType = wrapper.framework; name = Selenium.framework; path = Frameworks/Selenium.framework; sourceTree = "<group>"; };
		36FF07AB171743AC009ED9E2 /* AppiumCodeMakerLocator.h */ = {isa = PBXFileReference; fileEncoding = 4; lastKnownFileType = sourcecode.c.h; path = AppiumCodeMakerLocator.h; sourceTree = "<group>"; };
		36FF07AC171743AC009ED9E2 /* AppiumCodeMakerLocator.m */ = {isa = PBXFileReference; fileEncoding = 4; lastKnownFileType = sourcecode.c.objc; path = AppiumCodeMakerLocator.m; sourceTree = "<group>"; };
		36FF07AE171747C4009ED9E2 /* AppiumCodeMakerJavaPlugin.h */ = {isa = PBXFileReference; fileEncoding = 4; lastKnownFileType = sourcecode.c.h; name = AppiumCodeMakerJavaPlugin.h; path = Plugins/AppiumCodeMakerJavaPlugin.h; sourceTree = "<group>"; };
		36FF07AF171747C4009ED9E2 /* AppiumCodeMakerJavaPlugin.m */ = {isa = PBXFileReference; fileEncoding = 4; lastKnownFileType = sourcecode.c.objc; name = AppiumCodeMakerJavaPlugin.m; path = Plugins/AppiumCodeMakerJavaPlugin.m; sourceTree = "<group>"; };
		36FF07B117174935009ED9E2 /* AppiumCodeMakerRubyPlugin.h */ = {isa = PBXFileReference; fileEncoding = 4; lastKnownFileType = sourcecode.c.h; name = AppiumCodeMakerRubyPlugin.h; path = Plugins/AppiumCodeMakerRubyPlugin.h; sourceTree = "<group>"; };
		36FF07B217174935009ED9E2 /* AppiumCodeMakerRubyPlugin.m */ = {isa = PBXFileReference; fileEncoding = 4; lastKnownFileType = sourcecode.c.objc; name = AppiumCodeMakerRubyPlugin.m; path = Plugins/AppiumCodeMakerRubyPlugin.m; sourceTree = "<group>"; };
/* End PBXFileReference section */

/* Begin PBXFrameworksBuildPhase section */
		36CEB7C516E3662E00B5B100 /* Frameworks */ = {
			isa = PBXFrameworksBuildPhase;
			buildActionMask = 2147483647;
			files = (
				369ED811171DA81E000A7A4E /* MGSFragaria.framework in Frameworks */,
				3695E3C316FD08C800AD1544 /* QuartzCore.framework in Frameworks */,
				36CEB7CC16E3662E00B5B100 /* Cocoa.framework in Frameworks */,
				36F5FA2C16F4E87F007751D6 /* Selenium.framework in Frameworks */,
			);
			runOnlyForDeploymentPostprocessing = 0;
		};
		36CEB7E416E3662E00B5B100 /* Frameworks */ = {
			isa = PBXFrameworksBuildPhase;
			buildActionMask = 2147483647;
			files = (
				36CEB7EA16E3662E00B5B100 /* SenTestingKit.framework in Frameworks */,
				36CEB7EB16E3662E00B5B100 /* Cocoa.framework in Frameworks */,
			);
			runOnlyForDeploymentPostprocessing = 0;
		};
/* End PBXFrameworksBuildPhase section */

/* Begin PBXGroup section */
		3612E5F916E5B6820050CF0A /* AppleScript */ = {
			isa = PBXGroup;
			children = (
				3612E5F716E5B6520050CF0A /* appium.sdef */,
				3612E5FA16E5B69C0050CF0A /* AppiumAppleScriptSupport.h */,
				3612E5FB16E5B69C0050CF0A /* AppiumAppleScriptSupport.m */,
				36D17E2816F144E600DC5797 /* Upgrade.applescript */,
			);
			path = AppleScript;
			sourceTree = "<group>";
		};
		3614B16B1719F29900A72D99 /* Server */ = {
			isa = PBXGroup;
			children = (
				3614B16F1719F3F400A72D99 /* MenuBar */,
				365CA3C016EFB9C400A6DBE8 /* Model */,
				3614B16D1719F35400A72D99 /* Monitor */,
				3614B16C1719F2F300A72D99 /* Preferences */,
				3614B16E1719F3AC00A72D99 /* Update */,
				36CEB7DD16E3662E00B5B100 /* AppiumAppDelegate.h */,
				36CEB7DE16E3662E00B5B100 /* AppiumAppDelegate.m */,
			);
			path = Server;
			sourceTree = "<group>";
		};
		3614B16C1719F2F300A72D99 /* Preferences */ = {
			isa = PBXGroup;
			children = (
				36187189171871EB0021D7F7 /* AppiumPreferencesFile.h */,
				36A7659F16F01648002A7D6A /* AppiumPreferencesWindowController.h */,
				36A765A016F01648002A7D6A /* AppiumPreferencesWindowController.m */,
			);
			path = Preferences;
			sourceTree = "<group>";
		};
		3614B16D1719F35400A72D99 /* Monitor */ = {
			isa = PBXGroup;
			children = (
				36AA8D6C16E40B28007472C1 /* AppiumMonitorWindowController.h */,
				36AA8D6D16E40B28007472C1 /* AppiumMonitorWindowController.m */,
			);
			path = Monitor;
			sourceTree = "<group>";
		};
		3614B16E1719F3AC00A72D99 /* Update */ = {
			isa = PBXGroup;
			children = (
				3695CAAD16E3FCAE003697A9 /* AppiumInstallationWindowController.h */,
				3695CAAE16E3FCAE003697A9 /* AppiumInstallationWindowController.m */,
				368C3FF316E8F3EC00B84DE6 /* AppiumUpdater.h */,
				368C3FF416E8F3EC00B84DE6 /* AppiumUpdater.m */,
			);
			path = Update;
			sourceTree = "<group>";
		};
		3614B16F1719F3F400A72D99 /* MenuBar */ = {
			isa = PBXGroup;
			children = (
				364C076616E94B1A0093011E /* AppiumMenuBarManager.h */,
				364C076716E94B1A0093011E /* AppiumMenuBarManager.m */,
			);
			path = MenuBar;
			sourceTree = "<group>";
		};
		3614B1701719F43700A72D99 /* XIBs */ = {
			isa = PBXGroup;
			children = (
				36CD44ED16F0D5C300194193 /* AppiumInspectorWindow.xib */,
				3695CAAF16E3FCAE003697A9 /* AppiumInstallationWindow.xib */,
				36AA8D6E16E40B28007472C1 /* AppiumMonitorWindow.xib */,
				36A765A116F01648002A7D6A /* AppiumPreferencesWindow.xib */,
				36CEB7E016E3662E00B5B100 /* MainMenu.xib */,
			);
			name = XIBs;
			path = Appium;
			sourceTree = "<group>";
		};
		3614B1711719F46200A72D99 /* Misc */ = {
			isa = PBXGroup;
			children = (
				3652B34116E4285900BDE3E4 /* NSValueTransformers */,
				3695CAB316E3FFCD003697A9 /* Utility */,
			);
			path = Misc;
			sourceTree = "<group>";
		};
		3614B1721719F4C400A72D99 /* Recorder */ = {
			isa = PBXGroup;
			children = (
				363236781713B1EA0088FFBC /* CodeMaker */,
				36C9479A1719D0CB008DE83F /* AppiumRecorder.h */,
				36C9479B1719D0CB008DE83F /* AppiumRecorder.m */,
			);
			path = Recorder;
			sourceTree = "<group>";
		};
		3618718A1718879A0021D7F7 /* PopOvers */ = {
			isa = PBXGroup;
			children = (
				3618718B171887CC0021D7F7 /* AppiumCodeMakerSwipePopOverViewController.h */,
				3618718C171887CC0021D7F7 /* AppiumCodeMakerSwipePopOverViewController.m */,
				36ADA114172093D200D4287B /* AppiumCodeMakerPreciseTapPopoverViewController.h */,
				36ADA115172093D200D4287B /* AppiumCodeMakerPreciseTapPopoverViewController.m */,
			);
			name = PopOvers;
			sourceTree = "<group>";
		};
		363236781713B1EA0088FFBC /* CodeMaker */ = {
			isa = PBXGroup;
			children = (
				36BF1D63171B432E00C2CF01 /* Actions */,
				3618718A1718879A0021D7F7 /* PopOvers */,
				368230D71715C72100FF113F /* Plugins */,
				368230D81715C73F00FF113F /* AppiumCodeMaker.h */,
				368230D91715C73F00FF113F /* AppiumCodeMaker.m */,
				36FF07AB171743AC009ED9E2 /* AppiumCodeMakerLocator.h */,
				36FF07AC171743AC009ED9E2 /* AppiumCodeMakerLocator.m */,
			);
			path = CodeMaker;
			sourceTree = "<group>";
		};
		363782F2172AD9F200A924F8 /* Products */ = {
			isa = PBXGroup;
			children = (
				363782F7172AD9F300A924F8 /* Selenium.framework */,
				363782F9172AD9F300A924F8 /* SeleniumTests.octest */,
			);
			name = Products;
			sourceTree = "<group>";
		};
		3652B34116E4285900BDE3E4 /* NSValueTransformers */ = {
			isa = PBXGroup;
			children = (
				36BA17B916E81BF30041DD86 /* AppiumAppPathTransformer.h */,
				36BA17BA16E81BF30041DD86 /* AppiumAppPathTransformer.m */,
				369126DB1704DABD007FBB5E /* AppiumInspectorRefreshButtonTextTransformer.h */,
				369126DC1704DABD007FBB5E /* AppiumInspectorRefreshButtonTextTransformer.m */,
				3652B34216E4287600BDE3E4 /* AppiumLaunchButtonTextTransformer.h */,
				3652B34316E4287600BDE3E4 /* AppiumLaunchButtonTextTransformer.m */,
				365CA3C116EFDA8300A6DBE8 /* AppiumPortTransformer.h */,
				365CA3C216EFDA8300A6DBE8 /* AppiumPortTransformer.m */,
			);
			path = NSValueTransformers;
			sourceTree = "<group>";
		};
		365CA3C016EFB9C400A6DBE8 /* Model */ = {
			isa = PBXGroup;
			children = (
				365CA3BD16EFB9C000A6DBE8 /* AppiumModel.h */,
				365CA3BE16EFB9C000A6DBE8 /* AppiumModel.m */,
			);
			path = Model;
			sourceTree = "<group>";
		};
		368230D71715C72100FF113F /* Plugins */ = {
			isa = PBXGroup;
			children = (
				363236791713B2470088FFBC /* AppiumCodeMakerPlugin.h */,
				36C4BDFC171C9D4C004FD4FA /* AppiumCodeMakerPlugin.m */,
				36C4BDFE171CA5F4004FD4FA /* AppiumCodeMakerPlugins.h */,
				362B5B631713B35A00F1B344 /* AppiumCodeMakerCSharpPlugin.h */,
				362B5B641713B35A00F1B344 /* AppiumCodeMakerCSharpPlugin.m */,
				36FF07AE171747C4009ED9E2 /* AppiumCodeMakerJavaPlugin.h */,
				36FF07AF171747C4009ED9E2 /* AppiumCodeMakerJavaPlugin.m */,
				36BBC4CC1737334C006A83D7 /* AppiumCodeMakerObjectiveCPlugin.h */,
				36BBC4CD1737334C006A83D7 /* AppiumCodeMakerObjectiveCPlugin.m */,
				3661735417172AB200E786DF /* AppiumCodeMakerPythonPlugin.h */,
				3661735517172AB200E786DF /* AppiumCodeMakerPythonPlugin.m */,
				36FF07B117174935009ED9E2 /* AppiumCodeMakerRubyPlugin.h */,
				36FF07B217174935009ED9E2 /* AppiumCodeMakerRubyPlugin.m */,
			);
			name = Plugins;
			sourceTree = "<group>";
		};
		3695CAB316E3FFCD003697A9 /* Utility */ = {
			isa = PBXGroup;
			children = (
				365A2D8216E3DF48007BADF9 /* ANSIUtility.h */,
				365A2D8316E3DF48007BADF9 /* ANSIUtility.m */,
				365A2D8516E3E67B007BADF9 /* NodeInstance.h */,
				365A2D8616E3E67B007BADF9 /* NodeInstance.m */,
				365A2D7C16E3C847007BADF9 /* Utility.h */,
				365A2D7D16E3C847007BADF9 /* Utility.m */,
			);
			name = Utility;
			sourceTree = "<group>";
		};
		36BF1D63171B432E00C2CF01 /* Actions */ = {
			isa = PBXGroup;
			children = (
				36919C89171616AD00AC2C63 /* AppiumCodeMakerAction.h */,
				36919C8A171616AD00AC2C63 /* AppiumCodeMakerAction.m */,
				36BF1D76171B55DE00C2CF01 /* AppiumCodeMakerActions.h */,
				36BF1D6D171B4F5000C2CF01 /* AppiumCodeMakerActionAlertAccept.h */,
				36BF1D6E171B4F5000C2CF01 /* AppiumCodeMakerActionAlertAccept.m */,
				36BF1D6A171B4ED400C2CF01 /* AppiumCodeMakerActionAlertDismiss.h */,
				36BF1D6B171B4ED400C2CF01 /* AppiumCodeMakerAlertDismiss.m */,
				36BF1D73171B540000C2CF01 /* AppiumCodeMakerActionComment.h */,
				36BF1D74171B540000C2CF01 /* AppiumCodeMakerActionComment.m */,
				368DC850173725590030F656 /* AppiumCodeMakerActionExecuteScript.h */,
				368DC8511737255A0030F656 /* AppiumCodeMakerActionExecuteScript.m */,
				36ADA117172098FA00D4287B /* AppiumCodeMakerActionPreciseTap.h */,
				36ADA118172098FA00D4287B /* AppiumCodeMakerActionPreciseTap.m */,
				36BF1D67171B4C1000C2CF01 /* AppiumCodeMakerActionSendKeys.h */,
				36BF1D68171B4C1000C2CF01 /* AppiumCodeMakerActionSendKeys.m */,
				36BF83751738787E00FF4234 /* AppiumCodeMakerActionShake.h */,
				36BF83761738787E00FF4234 /* AppiumCodeMakerActionShake.m */,
				36BF1D70171B4FE500C2CF01 /* AppiumCodeMakerActionSwipe.h */,
				36BF1D71171B4FE500C2CF01 /* AppiumCodeMakerActionSwipe.m */,
				36BF1D64171B434C00C2CF01 /* AppiumCodeMakerActionTap.h */,
				36BF1D65171B434C00C2CF01 /* AppiumCodeMakerActionTap.m */,
			);
			path = Actions;
			sourceTree = "<group>";
		};
		36CD44F016F0E1CE00194193 /* Inspector */ = {
			isa = PBXGroup;
			children = (
				3614B1721719F4C400A72D99 /* Recorder */,
				360BD91316F12B03000D3BEB /* AppiumInspector.h */,
				360BD91416F12B03000D3BEB /* AppiumInspector.m */,
				36A871C6170B980F005BFD15 /* AppiumInspectorScreenshotImageView.h */,
				36A871C7170B980F005BFD15 /* AppiumInspectorScreenshotImageView.m */,
				36CD44EB16F0D5C300194193 /* AppiumInspectorWindowController.h */,
				36CD44EC16F0D5C300194193 /* AppiumInspectorWindowController.m */,
				36CD44F416F0E22800194193 /* WebDriverElementNode.h */,
				36CD44F516F0E22800194193 /* WebDriverElementNode.m */,
			);
			path = Inspector;
			sourceTree = "<group>";
		};
		36CEB7BF16E3662E00B5B100 = {
			isa = PBXGroup;
			children = (
				36CEB7D116E3662E00B5B100 /* Appium */,
				36CEB7D216E3662E00B5B100 /* Supporting Files */,
				3614B1701719F43700A72D99 /* XIBs */,
				36CEB7EE16E3662E00B5B100 /* AppiumTests */,
				36CEB7CA16E3662E00B5B100 /* Frameworks */,
				36CEB7C916E3662E00B5B100 /* Products */,
			);
			sourceTree = "<group>";
		};
		36CEB7C916E3662E00B5B100 /* Products */ = {
			isa = PBXGroup;
			children = (
				36CEB7C816E3662E00B5B100 /* Appium.app */,
				36CEB7E816E3662E00B5B100 /* AppiumTests.octest */,
			);
			name = Products;
			sourceTree = "<group>";
		};
		36CEB7CA16E3662E00B5B100 /* Frameworks */ = {
			isa = PBXGroup;
			children = (
				369ED810171DA81E000A7A4E /* MGSFragaria.framework */,
				36CEB7CB16E3662E00B5B100 /* Cocoa.framework */,
				3695E3C216FD08C800AD1544 /* QuartzCore.framework */,
				36F5FA2B16F4E87E007751D6 /* Selenium.framework */,
				36CEB7E916E3662E00B5B100 /* SenTestingKit.framework */,
				363782F1172AD9F200A924F8 /* Selenium.xcodeproj */,
				36CEB7CD16E3662E00B5B100 /* Other Frameworks */,
			);
			name = Frameworks;
			sourceTree = "<group>";
		};
		36CEB7CD16E3662E00B5B100 /* Other Frameworks */ = {
			isa = PBXGroup;
			children = (
				36CEB7CE16E3662E00B5B100 /* AppKit.framework */,
				36CEB7CF16E3662E00B5B100 /* CoreData.framework */,
				36CEB7D016E3662E00B5B100 /* Foundation.framework */,
			);
			name = "Other Frameworks";
			sourceTree = "<group>";
		};
		36CEB7D116E3662E00B5B100 /* Appium */ = {
			isa = PBXGroup;
			children = (
				362DF1E4170F4350001CAD1D /* AppiumGlobals.h */,
				3612E5F916E5B6820050CF0A /* AppleScript */,
				36CD44F016F0E1CE00194193 /* Inspector */,
				3614B1711719F46200A72D99 /* Misc */,
				3614B16B1719F29900A72D99 /* Server */,
			);
			path = Appium;
			sourceTree = "<group>";
		};
		36CEB7D216E3662E00B5B100 /* Supporting Files */ = {
			isa = PBXGroup;
			children = (
				36A765A516F01C7C002A7D6A /* appium.icns */,
				36CEB7D316E3662E00B5B100 /* Appium-Info.plist */,
				36CEB7D916E3662E00B5B100 /* Appium-Prefix.pch */,
				36CEB7DA16E3662E00B5B100 /* Credits.rtf */,
				36B2F18516E6379C008764E0 /* defaults.plist */,
				36CEB7D416E3662E00B5B100 /* InfoPlist.strings */,
				36CEB7D716E3662E00B5B100 /* main.m */,
			);
			name = "Supporting Files";
			path = "Appium/Supporting Files";
			sourceTree = "<group>";
		};
		36CEB7EE16E3662E00B5B100 /* AppiumTests */ = {
			isa = PBXGroup;
			children = (
				36CEB7F416E3662E00B5B100 /* AppiumTests.h */,
				36CEB7F516E3662E00B5B100 /* AppiumTests.m */,
				36CEB7EF16E3662E00B5B100 /* Supporting Files */,
			);
			path = AppiumTests;
			sourceTree = "<group>";
		};
		36CEB7EF16E3662E00B5B100 /* Supporting Files */ = {
			isa = PBXGroup;
			children = (
				36CEB7F016E3662E00B5B100 /* AppiumTests-Info.plist */,
				36CEB7F116E3662E00B5B100 /* InfoPlist.strings */,
			);
			name = "Supporting Files";
			sourceTree = "<group>";
		};
/* End PBXGroup section */

/* Begin PBXNativeTarget section */
		36CEB7C716E3662E00B5B100 /* Appium */ = {
			isa = PBXNativeTarget;
			buildConfigurationList = 36CEB7F916E3662E00B5B100 /* Build configuration list for PBXNativeTarget "Appium" */;
			buildPhases = (
				36CEB7C416E3662E00B5B100 /* Sources */,
				3631DD9216F4E4830087779D /* CopyFiles */,
				36CEB7C516E3662E00B5B100 /* Frameworks */,
				36CEB7C616E3662E00B5B100 /* Resources */,
			);
			buildRules = (
			);
			dependencies = (
				363782FB172ADA1100A924F8 /* PBXTargetDependency */,
			);
			name = Appium;
			productName = Appium;
			productReference = 36CEB7C816E3662E00B5B100 /* Appium.app */;
			productType = "com.apple.product-type.application";
		};
		36CEB7E716E3662E00B5B100 /* AppiumTests */ = {
			isa = PBXNativeTarget;
			buildConfigurationList = 36CEB7FC16E3662E00B5B100 /* Build configuration list for PBXNativeTarget "AppiumTests" */;
			buildPhases = (
				36CEB7E316E3662E00B5B100 /* Sources */,
				36CEB7E416E3662E00B5B100 /* Frameworks */,
				36CEB7E516E3662E00B5B100 /* Resources */,
				36CEB7E616E3662E00B5B100 /* ShellScript */,
			);
			buildRules = (
			);
			dependencies = (
				36CEB7ED16E3662E00B5B100 /* PBXTargetDependency */,
			);
			name = AppiumTests;
			productName = AppiumTests;
			productReference = 36CEB7E816E3662E00B5B100 /* AppiumTests.octest */;
			productType = "com.apple.product-type.bundle";
		};
/* End PBXNativeTarget section */

/* Begin PBXProject section */
		36CEB7C016E3662E00B5B100 /* Project object */ = {
			isa = PBXProject;
			attributes = {
				CLASSPREFIX = Appium;
				LastUpgradeCheck = 0460;
				ORGANIZATIONNAME = Appium;
			};
			buildConfigurationList = 36CEB7C316E3662E00B5B100 /* Build configuration list for PBXProject "Appium" */;
			compatibilityVersion = "Xcode 3.2";
			developmentRegion = English;
			hasScannedForEncodings = 0;
			knownRegions = (
				en,
			);
			mainGroup = 36CEB7BF16E3662E00B5B100;
			productRefGroup = 36CEB7C916E3662E00B5B100 /* Products */;
			projectDirPath = "";
			projectReferences = (
				{
					ProductGroup = 363782F2172AD9F200A924F8 /* Products */;
					ProjectRef = 363782F1172AD9F200A924F8 /* Selenium.xcodeproj */;
				},
			);
			projectRoot = "";
			targets = (
				36CEB7C716E3662E00B5B100 /* Appium */,
				36CEB7E716E3662E00B5B100 /* AppiumTests */,
			);
		};
/* End PBXProject section */

/* Begin PBXReferenceProxy section */
		363782F7172AD9F300A924F8 /* Selenium.framework */ = {
			isa = PBXReferenceProxy;
			fileType = wrapper.framework;
			path = Selenium.framework;
			remoteRef = 363782F6172AD9F300A924F8 /* PBXContainerItemProxy */;
			sourceTree = BUILT_PRODUCTS_DIR;
		};
		363782F9172AD9F300A924F8 /* SeleniumTests.octest */ = {
			isa = PBXReferenceProxy;
			fileType = wrapper.cfbundle;
			path = SeleniumTests.octest;
			remoteRef = 363782F8172AD9F300A924F8 /* PBXContainerItemProxy */;
			sourceTree = BUILT_PRODUCTS_DIR;
		};
/* End PBXReferenceProxy section */

/* Begin PBXResourcesBuildPhase section */
		36CEB7C616E3662E00B5B100 /* Resources */ = {
			isa = PBXResourcesBuildPhase;
			buildActionMask = 2147483647;
			files = (
				36CEB7D616E3662E00B5B100 /* InfoPlist.strings in Resources */,
				36CEB7DC16E3662E00B5B100 /* Credits.rtf in Resources */,
				36CEB7E216E3662E00B5B100 /* MainMenu.xib in Resources */,
				3695CAB116E3FCAE003697A9 /* AppiumInstallationWindow.xib in Resources */,
				36AA8D7016E40B28007472C1 /* AppiumMonitorWindow.xib in Resources */,
				3612E5F816E5B6520050CF0A /* appium.sdef in Resources */,
				36B2F18616E6379C008764E0 /* defaults.plist in Resources */,
				36A765A316F01648002A7D6A /* AppiumPreferencesWindow.xib in Resources */,
				36A765A616F01C7C002A7D6A /* appium.icns in Resources */,
				36CD44EF16F0D5C300194193 /* AppiumInspectorWindow.xib in Resources */,
				36D17E2916F144E600DC5797 /* Upgrade.applescript in Resources */,
			);
			runOnlyForDeploymentPostprocessing = 0;
		};
		36CEB7E516E3662E00B5B100 /* Resources */ = {
			isa = PBXResourcesBuildPhase;
			buildActionMask = 2147483647;
			files = (
				36CEB7F316E3662E00B5B100 /* InfoPlist.strings in Resources */,
			);
			runOnlyForDeploymentPostprocessing = 0;
		};
/* End PBXResourcesBuildPhase section */

/* Begin PBXShellScriptBuildPhase section */
		36CEB7E616E3662E00B5B100 /* ShellScript */ = {
			isa = PBXShellScriptBuildPhase;
			buildActionMask = 2147483647;
			files = (
			);
			inputPaths = (
			);
			outputPaths = (
			);
			runOnlyForDeploymentPostprocessing = 0;
			shellPath = /bin/sh;
			shellScript = "# Run the unit tests in this test bundle.\n\"${SYSTEM_DEVELOPER_DIR}/Tools/RunUnitTests\"\n";
		};
/* End PBXShellScriptBuildPhase section */

/* Begin PBXSourcesBuildPhase section */
		36CEB7C416E3662E00B5B100 /* Sources */ = {
			isa = PBXSourcesBuildPhase;
			buildActionMask = 2147483647;
			files = (
				36CEB7D816E3662E00B5B100 /* main.m in Sources */,
				36CEB7DF16E3662E00B5B100 /* AppiumAppDelegate.m in Sources */,
				365A2D7E16E3C847007BADF9 /* Utility.m in Sources */,
				365A2D8416E3DF48007BADF9 /* ANSIUtility.m in Sources */,
				365A2D8716E3E67B007BADF9 /* NodeInstance.m in Sources */,
				3695CAB016E3FCAE003697A9 /* AppiumInstallationWindowController.m in Sources */,
				36AA8D6F16E40B28007472C1 /* AppiumMonitorWindowController.m in Sources */,
				3652B34416E4287600BDE3E4 /* AppiumLaunchButtonTextTransformer.m in Sources */,
				3612E5FC16E5B69C0050CF0A /* AppiumAppleScriptSupport.m in Sources */,
				36BA17BB16E81BF30041DD86 /* AppiumAppPathTransformer.m in Sources */,
				368C3FF516E8F3EC00B84DE6 /* AppiumUpdater.m in Sources */,
				364C076816E94B1A0093011E /* AppiumMenuBarManager.m in Sources */,
				365CA3BF16EFB9C000A6DBE8 /* AppiumModel.m in Sources */,
				365CA3C316EFDA8300A6DBE8 /* AppiumPortTransformer.m in Sources */,
				36A765A216F01648002A7D6A /* AppiumPreferencesWindowController.m in Sources */,
				36CD44EE16F0D5C300194193 /* AppiumInspectorWindowController.m in Sources */,
				36CD44F616F0E22800194193 /* WebDriverElementNode.m in Sources */,
				360BD91516F12B03000D3BEB /* AppiumInspector.m in Sources */,
				369126DD1704DABD007FBB5E /* AppiumInspectorRefreshButtonTextTransformer.m in Sources */,
				36A871C8170B980F005BFD15 /* AppiumInspectorScreenshotImageView.m in Sources */,
				362B5B651713B35A00F1B344 /* AppiumCodeMakerCSharpPlugin.m in Sources */,
				368230DA1715C73F00FF113F /* AppiumCodeMaker.m in Sources */,
				36919C8B171616AD00AC2C63 /* AppiumCodeMakerAction.m in Sources */,
				3661735617172AB200E786DF /* AppiumCodeMakerPythonPlugin.m in Sources */,
				36FF07AD171743AC009ED9E2 /* AppiumCodeMakerLocator.m in Sources */,
				36FF07B0171747C4009ED9E2 /* AppiumCodeMakerJavaPlugin.m in Sources */,
				36FF07B317174936009ED9E2 /* AppiumCodeMakerRubyPlugin.m in Sources */,
				3618718D171887CC0021D7F7 /* AppiumCodeMakerSwipePopOverViewController.m in Sources */,
				36C9479C1719D0CB008DE83F /* AppiumRecorder.m in Sources */,
				36BF1D66171B434C00C2CF01 /* AppiumCodeMakerActionTap.m in Sources */,
				36BF1D69171B4C1000C2CF01 /* AppiumCodeMakerActionSendKeys.m in Sources */,
				36BF1D6C171B4ED400C2CF01 /* AppiumCodeMakerAlertDismiss.m in Sources */,
				36BF1D6F171B4F5100C2CF01 /* AppiumCodeMakerActionAlertAccept.m in Sources */,
				36BF1D72171B4FE600C2CF01 /* AppiumCodeMakerActionSwipe.m in Sources */,
				36BF1D75171B540100C2CF01 /* AppiumCodeMakerActionComment.m in Sources */,
				36C4BDFD171C9D4C004FD4FA /* AppiumCodeMakerPlugin.m in Sources */,
				36ADA116172093D200D4287B /* AppiumCodeMakerPreciseTapPopoverViewController.m in Sources */,
				36ADA119172098FA00D4287B /* AppiumCodeMakerActionPreciseTap.m in Sources */,
				368DC8521737255A0030F656 /* AppiumCodeMakerActionExecuteScript.m in Sources */,
				36BBC4CE1737334C006A83D7 /* AppiumCodeMakerObjectiveCPlugin.m in Sources */,
				36BF83771738787E00FF4234 /* AppiumCodeMakerActionShake.m in Sources */,
			);
			runOnlyForDeploymentPostprocessing = 0;
		};
		36CEB7E316E3662E00B5B100 /* Sources */ = {
			isa = PBXSourcesBuildPhase;
			buildActionMask = 2147483647;
			files = (
				36CEB7F616E3662E00B5B100 /* AppiumTests.m in Sources */,
			);
			runOnlyForDeploymentPostprocessing = 0;
		};
/* End PBXSourcesBuildPhase section */

/* Begin PBXTargetDependency section */
		363782FB172ADA1100A924F8 /* PBXTargetDependency */ = {
			isa = PBXTargetDependency;
			name = Selenium;
			targetProxy = 363782FA172ADA1100A924F8 /* PBXContainerItemProxy */;
		};
		36CEB7ED16E3662E00B5B100 /* PBXTargetDependency */ = {
			isa = PBXTargetDependency;
			target = 36CEB7C716E3662E00B5B100 /* Appium */;
			targetProxy = 36CEB7EC16E3662E00B5B100 /* PBXContainerItemProxy */;
		};
/* End PBXTargetDependency section */

/* Begin PBXVariantGroup section */
		36CEB7D416E3662E00B5B100 /* InfoPlist.strings */ = {
			isa = PBXVariantGroup;
			children = (
				36CEB7D516E3662E00B5B100 /* en */,
			);
			name = InfoPlist.strings;
			path = ..;
			sourceTree = "<group>";
		};
		36CEB7DA16E3662E00B5B100 /* Credits.rtf */ = {
			isa = PBXVariantGroup;
			children = (
				36CEB7DB16E3662E00B5B100 /* en */,
			);
			name = Credits.rtf;
			path = ..;
			sourceTree = "<group>";
		};
		36CEB7E016E3662E00B5B100 /* MainMenu.xib */ = {
			isa = PBXVariantGroup;
			children = (
				36CEB7E116E3662E00B5B100 /* en */,
			);
			name = MainMenu.xib;
			sourceTree = "<group>";
		};
		36CEB7F116E3662E00B5B100 /* InfoPlist.strings */ = {
			isa = PBXVariantGroup;
			children = (
				36CEB7F216E3662E00B5B100 /* en */,
			);
			name = InfoPlist.strings;
			sourceTree = "<group>";
		};
/* End PBXVariantGroup section */

/* Begin XCBuildConfiguration section */
		36CEB7F716E3662E00B5B100 /* Debug */ = {
			isa = XCBuildConfiguration;
			buildSettings = {
				ALWAYS_SEARCH_USER_PATHS = NO;
				ARCHS = "$(ARCHS_STANDARD_64_BIT)";
				CLANG_CXX_LANGUAGE_STANDARD = "gnu++0x";
				CLANG_CXX_LIBRARY = "libc++";
				CLANG_ENABLE_OBJC_ARC = YES;
				CLANG_WARN_CONSTANT_CONVERSION = YES;
				CLANG_WARN_EMPTY_BODY = YES;
				CLANG_WARN_ENUM_CONVERSION = YES;
				CLANG_WARN_INT_CONVERSION = YES;
				CLANG_WARN__DUPLICATE_METHOD_MATCH = YES;
				COPY_PHASE_STRIP = NO;
				GCC_C_LANGUAGE_STANDARD = gnu99;
				GCC_DYNAMIC_NO_PIC = NO;
				GCC_ENABLE_OBJC_EXCEPTIONS = YES;
				GCC_OPTIMIZATION_LEVEL = 0;
				GCC_PREPROCESSOR_DEFINITIONS = (
					"DEBUG=1",
					"$(inherited)",
				);
				GCC_SYMBOLS_PRIVATE_EXTERN = NO;
				GCC_WARN_64_TO_32_BIT_CONVERSION = YES;
				GCC_WARN_ABOUT_RETURN_TYPE = YES;
				GCC_WARN_UNINITIALIZED_AUTOS = YES;
				GCC_WARN_UNUSED_VARIABLE = YES;
				MACOSX_DEPLOYMENT_TARGET = 10.7;
				ONLY_ACTIVE_ARCH = YES;
				SDKROOT = macosx10.7;
			};
			name = Debug;
		};
		36CEB7F816E3662E00B5B100 /* Release */ = {
			isa = XCBuildConfiguration;
			buildSettings = {
				ALWAYS_SEARCH_USER_PATHS = NO;
				ARCHS = "$(ARCHS_STANDARD_64_BIT)";
				CLANG_CXX_LANGUAGE_STANDARD = "gnu++0x";
				CLANG_CXX_LIBRARY = "libc++";
				CLANG_ENABLE_OBJC_ARC = YES;
				CLANG_WARN_CONSTANT_CONVERSION = YES;
				CLANG_WARN_EMPTY_BODY = YES;
				CLANG_WARN_ENUM_CONVERSION = YES;
				CLANG_WARN_INT_CONVERSION = YES;
				CLANG_WARN__DUPLICATE_METHOD_MATCH = YES;
				COPY_PHASE_STRIP = YES;
				DEBUG_INFORMATION_FORMAT = "dwarf-with-dsym";
				GCC_C_LANGUAGE_STANDARD = gnu99;
				GCC_ENABLE_OBJC_EXCEPTIONS = YES;
				GCC_WARN_64_TO_32_BIT_CONVERSION = YES;
				GCC_WARN_ABOUT_RETURN_TYPE = YES;
				GCC_WARN_UNINITIALIZED_AUTOS = YES;
				GCC_WARN_UNUSED_VARIABLE = YES;
				MACOSX_DEPLOYMENT_TARGET = 10.7;
				SDKROOT = macosx10.7;
			};
			name = Release;
		};
		36CEB7FA16E3662E00B5B100 /* Debug */ = {
			isa = XCBuildConfiguration;
			buildSettings = {
				COMBINE_HIDPI_IMAGES = YES;
				FRAMEWORK_SEARCH_PATHS = (
					"$(inherited)",
					"\"$(SRCROOT)\"",
					"\"$(SRCROOT)/Frameworks\"",
				);
				GCC_PRECOMPILE_PREFIX_HEADER = YES;
				GCC_PREFIX_HEADER = "Appium/Appium-Prefix.pch";
				INFOPLIST_FILE = "Appium/Appium-Info.plist";
				MACOSX_DEPLOYMENT_TARGET = 10.7;
				PRODUCT_NAME = "$(TARGET_NAME)";
				WRAPPER_EXTENSION = app;
			};
			name = Debug;
		};
		36CEB7FB16E3662E00B5B100 /* Release */ = {
			isa = XCBuildConfiguration;
			buildSettings = {
				COMBINE_HIDPI_IMAGES = YES;
				FRAMEWORK_SEARCH_PATHS = (
					"$(inherited)",
					"\"$(SRCROOT)\"",
					"\"$(SRCROOT)/Frameworks\"",
				);
				GCC_PRECOMPILE_PREFIX_HEADER = YES;
				GCC_PREFIX_HEADER = "Appium/Appium-Prefix.pch";
				INFOPLIST_FILE = "Appium/Appium-Info.plist";
				MACOSX_DEPLOYMENT_TARGET = 10.7;
				PRODUCT_NAME = "$(TARGET_NAME)";
				WRAPPER_EXTENSION = app;
			};
			name = Release;
		};
		36CEB7FD16E3662E00B5B100 /* Debug */ = {
			isa = XCBuildConfiguration;
			buildSettings = {
				BUNDLE_LOADER = "$(BUILT_PRODUCTS_DIR)/Appium.app/Contents/MacOS/Appium";
				COMBINE_HIDPI_IMAGES = YES;
				FRAMEWORK_SEARCH_PATHS = "\"$(DEVELOPER_LIBRARY_DIR)/Frameworks\"";
				GCC_PRECOMPILE_PREFIX_HEADER = YES;
				GCC_PREFIX_HEADER = "Appium/Appium-Prefix.pch";
				INFOPLIST_FILE = "AppiumTests/AppiumTests-Info.plist";
				PRODUCT_NAME = "$(TARGET_NAME)";
				TEST_HOST = "$(BUNDLE_LOADER)";
				WRAPPER_EXTENSION = octest;
			};
			name = Debug;
		};
		36CEB7FE16E3662E00B5B100 /* Release */ = {
			isa = XCBuildConfiguration;
			buildSettings = {
				BUNDLE_LOADER = "$(BUILT_PRODUCTS_DIR)/Appium.app/Contents/MacOS/Appium";
				COMBINE_HIDPI_IMAGES = YES;
				FRAMEWORK_SEARCH_PATHS = "\"$(DEVELOPER_LIBRARY_DIR)/Frameworks\"";
				GCC_PRECOMPILE_PREFIX_HEADER = YES;
				GCC_PREFIX_HEADER = "Appium/Appium-Prefix.pch";
				INFOPLIST_FILE = "AppiumTests/AppiumTests-Info.plist";
				PRODUCT_NAME = "$(TARGET_NAME)";
				TEST_HOST = "$(BUNDLE_LOADER)";
				WRAPPER_EXTENSION = octest;
			};
			name = Release;
		};
/* End XCBuildConfiguration section */

/* Begin XCConfigurationList section */
		36CEB7C316E3662E00B5B100 /* Build configuration list for PBXProject "Appium" */ = {
			isa = XCConfigurationList;
			buildConfigurations = (
				36CEB7F716E3662E00B5B100 /* Debug */,
				36CEB7F816E3662E00B5B100 /* Release */,
			);
			defaultConfigurationIsVisible = 0;
			defaultConfigurationName = Release;
		};
		36CEB7F916E3662E00B5B100 /* Build configuration list for PBXNativeTarget "Appium" */ = {
			isa = XCConfigurationList;
			buildConfigurations = (
				36CEB7FA16E3662E00B5B100 /* Debug */,
				36CEB7FB16E3662E00B5B100 /* Release */,
			);
			defaultConfigurationIsVisible = 0;
			defaultConfigurationName = Release;
		};
		36CEB7FC16E3662E00B5B100 /* Build configuration list for PBXNativeTarget "AppiumTests" */ = {
			isa = XCConfigurationList;
			buildConfigurations = (
				36CEB7FD16E3662E00B5B100 /* Debug */,
				36CEB7FE16E3662E00B5B100 /* Release */,
			);
			defaultConfigurationIsVisible = 0;
			defaultConfigurationName = Release;
		};
/* End XCConfigurationList section */
	};
	rootObject = 36CEB7C016E3662E00B5B100 /* Project object */;
}
